
Microsoft Visual Studio Solution File, Format Version 12.00
# Visual Studio Version 16
VisualStudioVersion = 16.0.31112.23
MinimumVisualStudioVersion = 10.0.40219.1
Project("{9A19103F-16F7-4668-BE54-9A1E7A4F7556}") = "WinFormsApp1", "WinFormsApp1.csproj", "{E97AD8DF-D680-4528-A3A5-C8171E5233D8}"
EndProject
Project("{54435603-DBB4-11D2-8724-00A0C9A8B90C}") = "Setup1", "..\Setup1\Setup1.vdproj", "{54882A90-6D06-4E10-9DBB-759447C6D567}"
EndProject
Global
	GlobalSection(SolutionConfigurationPlatforms) = preSolution
		Debug|Any CPU = Debug|Any CPU
		Release|Any CPU = Release|Any CPU
	EndGlobalSection
	GlobalSection(ProjectConfigurationPlatforms) = postSolution
		{E97AD8DF-D680-4528-A3A5-C8171E5233D8}.Debug|Any CPU.ActiveCfg = Debug|Any CPU
		{E97AD8DF-D680-4528-A3A5-C8171E5233D8}.Debug|Any CPU.Build.0 = Debug|Any CPU
		{E97AD8DF-D680-4528-A3A5-C8171E5233D8}.Release|Any CPU.ActiveCfg = Release|Any CPU
		{E97AD8DF-D680-4528-A3A5-C8171E5233D8}.Release|Any CPU.Build.0 = Release|Any CPU
		{54882A90-6D06-4E10-9DBB-759447C6D567}.Debug|Any CPU.ActiveCfg = Debug
		{54882A90-6D06-4E10-9DBB-759447C6D567}.Release|Any CPU.ActiveCfg = Release
	EndGlobalSection
	GlobalSection(SolutionProperties) = preSolution
		HideSolutionNode = FALSE
	EndGlobalSection
	GlobalSection(ExtensibilityGlobals) = postSolution
		SolutionGuid = {526F5778-B743-45F2-99D0-0C514EC20A09}
	EndGlobalSection
EndGlobal
